
Microsoft Visual Studio Solution File, Format Version 12.00
# Visual Studio 15
Project("{FAE04EC0-301F-11D3-BF4B-00C04F79EFBC}") = "Assembly-CSharp-Editor", "Assembly-CSharp-Editor.csproj", "{8F6E55C8-F95E-56E6-521F-FC13A648B7AA}"
EndProject
Project("{FAE04EC0-301F-11D3-BF4B-00C04F79EFBC}") = "Assembly-CSharp", "Assembly-CSharp.csproj", "{86B9808D-B1AA-1D09-AB67-012FC6CD428A}"
EndProject
Global
	GlobalSection(SolutionConfigurationPlatforms) = preSolution
		Debug|Any CPU = Debug|Any CPU
		Release|Any CPU = Release|Any CPU
	EndGlobalSection
	GlobalSection(ProjectConfigurationPlatforms) = postSolution
		{8F6E55C8-F95E-56E6-521F-FC13A648B7AA}.Debug|Any CPU.ActiveCfg = Debug|Any CPU
		{8F6E55C8-F95E-56E6-521F-FC13A648B7AA}.Debug|Any CPU.Build.0 = Debug|Any CPU
		{8F6E55C8-F95E-56E6-521F-FC13A648B7AA}.Release|Any CPU.ActiveCfg = Release|Any CPU
		{8F6E55C8-F95E-56E6-521F-FC13A648B7AA}.Release|Any CPU.Build.0 = Release|Any CPU
		{86B9808D-B1AA-1D09-AB67-012FC6CD428A}.Debug|Any CPU.ActiveCfg = Debug|Any CPU
		{86B9808D-B1AA-1D09-AB67-012FC6CD428A}.Debug|Any CPU.Build.0 = Debug|Any CPU
		{86B9808D-B1AA-1D09-AB67-012FC6CD428A}.Release|Any CPU.ActiveCfg = Release|Any CPU
		{86B9808D-B1AA-1D09-AB67-012FC6CD428A}.Release|Any CPU.Build.0 = Release|Any CPU
	EndGlobalSection
	GlobalSection(SolutionProperties) = preSolution
		HideSolutionNode = FALSE
	EndGlobalSection
EndGlobal
